
Microsoft Visual Studio Solution File, Format Version 12.00
# Visual Studio 15
VisualStudioVersion = 15.0.26009.0
MinimumVisualStudioVersion = 10.0.40219.1
Project("{FAE04EC0-301F-11D3-BF4B-00C04F79EFBC}") = "fff", "fff\fff.csproj", "{BD4FEE34-FBB4-4B0D-933A-CBACB94BBBCF}"
EndProject
Global
	GlobalSection(SolutionConfigurationPlatforms) = preSolution
		Debug|Any CPU = Debug|Any CPU
		Debug|x86 = Debug|x86
		Release|Any CPU = Release|Any CPU
		Release|x86 = Release|x86
	EndGlobalSection
	GlobalSection(ProjectConfigurationPlatforms) = postSolution
		{BD4FEE34-FBB4-4B0D-933A-CBACB94BBBCF}.Debug|Any CPU.ActiveCfg = Debug|Any CPU
		{BD4FEE34-FBB4-4B0D-933A-CBACB94BBBCF}.Debug|Any CPU.Build.0 = Debug|Any CPU
		{BD4FEE34-FBB4-4B0D-933A-CBACB94BBBCF}.Debug|x86.ActiveCfg = Debug|x86
		{BD4FEE34-FBB4-4B0D-933A-CBACB94BBBCF}.Debug|x86.Build.0 = Debug|x86
		{BD4FEE34-FBB4-4B0D-933A-CBACB94BBBCF}.Release|Any CPU.ActiveCfg = Release|Any CPU
		{BD4FEE34-FBB4-4B0D-933A-CBACB94BBBCF}.Release|Any CPU.Build.0 = Release|Any CPU
		{BD4FEE34-FBB4-4B0D-933A-CBACB94BBBCF}.Release|x86.ActiveCfg = Release|x86
		{BD4FEE34-FBB4-4B0D-933A-CBACB94BBBCF}.Release|x86.Build.0 = Release|x86
	EndGlobalSection
	GlobalSection(SolutionProperties) = preSolution
		HideSolutionNode = FALSE
	EndGlobalSection
EndGlobal
